
Microsoft Visual Studio Solution File, Format Version 12.00
# Visual Studio Version 17
VisualStudioVersion = 17.6.33829.357
MinimumVisualStudioVersion = 10.0.40219.1
Project("{FAE04EC0-301F-11D3-BF4B-00C04F79EFBC}") = "PrimeiraAPI", "PrimeiraAPI\PrimeiraAPI.csproj", "{35821C1A-4DF1-4C67-8831-C0815FC4767B}"
EndProject
Global
	GlobalSection(SolutionConfigurationPlatforms) = preSolution
		Debug|Any CPU = Debug|Any CPU
		Release|Any CPU = Release|Any CPU
	EndGlobalSection
	GlobalSection(ProjectConfigurationPlatforms) = postSolution
		{35821C1A-4DF1-4C67-8831-C0815FC4767B}.Debug|Any CPU.ActiveCfg = Debug|Any CPU
		{35821C1A-4DF1-4C67-8831-C0815FC4767B}.Debug|Any CPU.Build.0 = Debug|Any CPU
		{35821C1A-4DF1-4C67-8831-C0815FC4767B}.Release|Any CPU.ActiveCfg = Release|Any CPU
		{35821C1A-4DF1-4C67-8831-C0815FC4767B}.Release|Any CPU.Build.0 = Release|Any CPU
	EndGlobalSection
	GlobalSection(SolutionProperties) = preSolution
		HideSolutionNode = FALSE
	EndGlobalSection
	GlobalSection(ExtensibilityGlobals) = postSolution
		SolutionGuid = {D2DDE93F-30A6-49D9-B37C-7BEC25C47F6F}
	EndGlobalSection
EndGlobal
